// !$*UTF8*$!
{
	archiveVersion = 1;
	classes = {
	};
	objectVersion = 56;
	objects = {

/* Begin PBXBuildFile section */
		260BFD072B4C42E300A9D5C2 /* DatePlannerApp.swift in Sources */ = {isa = PBXBuildFile; fileRef = 260BFD062B4C42E300A9D5C2 /* DatePlannerApp.swift */; };
		260BFD0B2B4C42E600A9D5C2 /* Assets.xcassets in Resources */ = {isa = PBXBuildFile; fileRef = 260BFD0A2B4C42E600A9D5C2 /* Assets.xcassets */; };
		260BFD0E2B4C42E600A9D5C2 /* Preview Assets.xcassets in Resources */ = {isa = PBXBuildFile; fileRef = 260BFD0D2B4C42E600A9D5C2 /* Preview Assets.xcassets */; };
		260BFD152B4C4E7400A9D5C2 /* Event.swift in Sources */ = {isa = PBXBuildFile; fileRef = 260BFD142B4C4E7400A9D5C2 /* Event.swift */; };
		260BFD172B4C513400A9D5C2 /* EventTask.swift in Sources */ = {isa = PBXBuildFile; fileRef = 260BFD162B4C513400A9D5C2 /* EventTask.swift */; };
		260BFD192B4C524B00A9D5C2 /* EventData.swift in Sources */ = {isa = PBXBuildFile; fileRef = 260BFD182B4C524B00A9D5C2 /* EventData.swift */; };
		260BFD1B2B4C57C600A9D5C2 /* EventList.swift in Sources */ = {isa = PBXBuildFile; fileRef = 260BFD1A2B4C57C600A9D5C2 /* EventList.swift */; };
		260BFD1D2B4C5B0600A9D5C2 /* EventEditor.swift in Sources */ = {isa = PBXBuildFile; fileRef = 260BFD1C2B4C5B0600A9D5C2 /* EventEditor.swift */; };
		260BFD1F2B4C5B1600A9D5C2 /* EventRow.swift in Sources */ = {isa = PBXBuildFile; fileRef = 260BFD1E2B4C5B1600A9D5C2 /* EventRow.swift */; };
		260BFD212B4C5BE400A9D5C2 /* ColorOption.swift in Sources */ = {isa = PBXBuildFile; fileRef = 260BFD202B4C5BE400A9D5C2 /* ColorOption.swift */; };
		260BFD232B4C5CD400A9D5C2 /* EventSymbols.swift in Sources */ = {isa = PBXBuildFile; fileRef = 260BFD222B4C5CD400A9D5C2 /* EventSymbols.swift */; };
		260BFD252B4C5CF300A9D5C2 /* SFSymbolStyling.swift in Sources */ = {isa = PBXBuildFile; fileRef = 260BFD242B4C5CF300A9D5C2 /* SFSymbolStyling.swift */; };
		260BFD272B4C5D0F00A9D5C2 /* SymbolPicker.swift in Sources */ = {isa = PBXBuildFile; fileRef = 260BFD262B4C5D0F00A9D5C2 /* SymbolPicker.swift */; };
		260BFD292B4C5D1F00A9D5C2 /* TaskRow.swift in Sources */ = {isa = PBXBuildFile; fileRef = 260BFD282B4C5D1F00A9D5C2 /* TaskRow.swift */; };
		260BFD2B2B4C66AC00A9D5C2 /* EventDetail.swift in Sources */ = {isa = PBXBuildFile; fileRef = 260BFD2A2B4C66AC00A9D5C2 /* EventDetail.swift */; };
/* End PBXBuildFile section */

/* Begin PBXFileReference section */
		260BFD032B4C42E300A9D5C2 /* DatePlanner.app */ = {isa = PBXFileReference; explicitFileType = wrapper.application; includeInIndex = 0; path = DatePlanner.app; sourceTree = BUILT_PRODUCTS_DIR; };
		260BFD062B4C42E300A9D5C2 /* DatePlannerApp.swift */ = {isa = PBXFileReference; lastKnownFileType = sourcecode.swift; path = DatePlannerApp.swift; sourceTree = "<group>"; };
		260BFD0A2B4C42E600A9D5C2 /* Assets.xcassets */ = {isa = PBXFileReference; lastKnownFileType = folder.assetcatalog; path = Assets.xcassets; sourceTree = "<group>"; };
		260BFD0D2B4C42E600A9D5C2 /* Preview Assets.xcassets */ = {isa = PBXFileReference; lastKnownFileType = folder.assetcatalog; path = "Preview Assets.xcassets"; sourceTree = "<group>"; };
		260BFD142B4C4E7400A9D5C2 /* Event.swift */ = {isa = PBXFileReference; lastKnownFileType = sourcecode.swift; path = Event.swift; sourceTree = "<group>"; };
		260BFD162B4C513400A9D5C2 /* EventTask.swift */ = {isa = PBXFileReference; lastKnownFileType = sourcecode.swift; path = EventTask.swift; sourceTree = "<group>"; };
		260BFD182B4C524B00A9D5C2 /* EventData.swift */ = {isa = PBXFileReference; lastKnownFileType = sourcecode.swift; path = EventData.swift; sourceTree = "<group>"; };
		260BFD1A2B4C57C600A9D5C2 /* EventList.swift */ = {isa = PBXFileReference; lastKnownFileType = sourcecode.swift; path = EventList.swift; sourceTree = "<group>"; };
		260BFD1C2B4C5B0600A9D5C2 /* EventEditor.swift */ = {isa = PBXFileReference; lastKnownFileType = sourcecode.swift; path = EventEditor.swift; sourceTree = "<group>"; };
		260BFD1E2B4C5B1600A9D5C2 /* EventRow.swift */ = {isa = PBXFileReference; lastKnownFileType = sourcecode.swift; path = EventRow.swift; sourceTree = "<group>"; };
		260BFD202B4C5BE400A9D5C2 /* ColorOption.swift */ = {isa = PBXFileReference; lastKnownFileType = sourcecode.swift; path = ColorOption.swift; sourceTree = "<group>"; };
		260BFD222B4C5CD400A9D5C2 /* EventSymbols.swift */ = {isa = PBXFileReference; lastKnownFileType = sourcecode.swift; path = EventSymbols.swift; sourceTree = "<group>"; };
		260BFD242B4C5CF300A9D5C2 /* SFSymbolStyling.swift */ = {isa = PBXFileReference; lastKnownFileType = sourcecode.swift; path = SFSymbolStyling.swift; sourceTree = "<group>"; };
		260BFD262B4C5D0F00A9D5C2 /* SymbolPicker.swift */ = {isa = PBXFileReference; lastKnownFileType = sourcecode.swift; path = SymbolPicker.swift; sourceTree = "<group>"; };
		260BFD282B4C5D1F00A9D5C2 /* TaskRow.swift */ = {isa = PBXFileReference; lastKnownFileType = sourcecode.swift; path = TaskRow.swift; sourceTree = "<group>"; };
		260BFD2A2B4C66AC00A9D5C2 /* EventDetail.swift */ = {isa = PBXFileReference; lastKnownFileType = sourcecode.swift; path = EventDetail.swift; sourceTree = "<group>"; };
/* End PBXFileReference section */

/* Begin PBXFrameworksBuildPhase section */
		260BFD002B4C42E300A9D5C2 /* Frameworks */ = {
			isa = PBXFrameworksBuildPhase;
			buildActionMask = 2147483647;
			files = (
			);
			runOnlyForDeploymentPostprocessing = 0;
		};
/* End PBXFrameworksBuildPhase section */

/* Begin PBXGroup section */
		260BFCFA2B4C42E300A9D5C2 = {
			isa = PBXGroup;
			children = (
				260BFD052B4C42E300A9D5C2 /* DatePlanner */,
				260BFD042B4C42E300A9D5C2 /* Products */,
			);
			sourceTree = "<group>";
		};
		260BFD042B4C42E300A9D5C2 /* Products */ = {
			isa = PBXGroup;
			children = (
				260BFD032B4C42E300A9D5C2 /* DatePlanner.app */,
			);
			name = Products;
			sourceTree = "<group>";
		};
		260BFD052B4C42E300A9D5C2 /* DatePlanner */ = {
			isa = PBXGroup;
			children = (
				260BFD2A2B4C66AC00A9D5C2 /* EventDetail.swift */,
				260BFD062B4C42E300A9D5C2 /* DatePlannerApp.swift */,
				260BFD0A2B4C42E600A9D5C2 /* Assets.xcassets */,
				260BFD0C2B4C42E600A9D5C2 /* Preview Content */,
				260BFD142B4C4E7400A9D5C2 /* Event.swift */,
				260BFD162B4C513400A9D5C2 /* EventTask.swift */,
				260BFD182B4C524B00A9D5C2 /* EventData.swift */,
				260BFD1A2B4C57C600A9D5C2 /* EventList.swift */,
				260BFD1C2B4C5B0600A9D5C2 /* EventEditor.swift */,
				260BFD1E2B4C5B1600A9D5C2 /* EventRow.swift */,
				260BFD202B4C5BE400A9D5C2 /* ColorOption.swift */,
				260BFD222B4C5CD400A9D5C2 /* EventSymbols.swift */,
				260BFD242B4C5CF300A9D5C2 /* SFSymbolStyling.swift */,
				260BFD262B4C5D0F00A9D5C2 /* SymbolPicker.swift */,
				260BFD282B4C5D1F00A9D5C2 /* TaskRow.swift */,
			);
			path = DatePlanner;
			sourceTree = "<group>";
		};
		260BFD0C2B4C42E600A9D5C2 /* Preview Content */ = {
			isa = PBXGroup;
			children = (
				260BFD0D2B4C42E600A9D5C2 /* Preview Assets.xcassets */,
			);
			path = "Preview Content";
			sourceTree = "<group>";
		};
/* End PBXGroup section */

/* Begin PBXNativeTarget section */
		260BFD022B4C42E300A9D5C2 /* DatePlanner */ = {
			isa = PBXNativeTarget;
			buildConfigurationList = 260BFD112B4C42E600A9D5C2 /* Build configuration list for PBXNativeTarget "DatePlanner" */;
			buildPhases = (
				260BFCFF2B4C42E300A9D5C2 /* Sources */,
				260BFD002B4C42E300A9D5C2 /* Frameworks */,
				260BFD012B4C42E300A9D5C2 /* Resources */,
			);
			buildRules = (
			);
			dependencies = (
			);
			name = DatePlanner;
			productName = DatePlanner;
			productReference = 260BFD032B4C42E300A9D5C2 /* DatePlanner.app */;
			productType = "com.apple.product-type.application";
		};
/* End PBXNativeTarget section */

/* Begin PBXProject section */
		260BFCFB2B4C42E300A9D5C2 /* Project object */ = {
			isa = PBXProject;
			attributes = {
				BuildIndependentTargetsInParallel = 1;
				LastSwiftUpdateCheck = 1510;
				LastUpgradeCheck = 1510;
				TargetAttributes = {
					260BFD022B4C42E300A9D5C2 = {
						CreatedOnToolsVersion = 15.1;
					};
				};
			};
			buildConfigurationList = 260BFCFE2B4C42E300A9D5C2 /* Build configuration list for PBXProject "DatePlanner" */;
			compatibilityVersion = "Xcode 14.0";
			developmentRegion = en;
			hasScannedForEncodings = 0;
			knownRegions = (
				en,
				Base,
			);
			mainGroup = 260BFCFA2B4C42E300A9D5C2;
			productRefGroup = 260BFD042B4C42E300A9D5C2 /* Products */;
			projectDirPath = "";
			projectRoot = "";
			targets = (
				260BFD022B4C42E300A9D5C2 /* DatePlanner */,
			);
		};
/* End PBXProject section */

/* Begin PBXResourcesBuildPhase section */
		260BFD012B4C42E300A9D5C2 /* Resources */ = {
			isa = PBXResourcesBuildPhase;
			buildActionMask = 2147483647;
			files = (
				260BFD0E2B4C42E600A9D5C2 /* Preview Assets.xcassets in Resources */,
				260BFD0B2B4C42E600A9D5C2 /* Assets.xcassets in Resources */,
			);
			runOnlyForDeploymentPostprocessing = 0;
		};
/* End PBXResourcesBuildPhase section */

/* Begin PBXSourcesBuildPhase section */
		260BFCFF2B4C42E300A9D5C2 /* Sources */ = {
			isa = PBXSourcesBuildPhase;
			buildActionMask = 2147483647;
			files = (
				260BFD1B2B4C57C600A9D5C2 /* EventList.swift in Sources */,
				260BFD1D2B4C5B0600A9D5C2 /* EventEditor.swift in Sources */,
				260BFD1F2B4C5B1600A9D5C2 /* EventRow.swift in Sources */,
				260BFD152B4C4E7400A9D5C2 /* Event.swift in Sources */,
				260BFD292B4C5D1F00A9D5C2 /* TaskRow.swift in Sources */,
				260BFD212B4C5BE400A9D5C2 /* ColorOption.swift in Sources */,
				260BFD2B2B4C66AC00A9D5C2 /* EventDetail.swift in Sources */,
				260BFD232B4C5CD400A9D5C2 /* EventSymbols.swift in Sources */,
				260BFD192B4C524B00A9D5C2 /* EventData.swift in Sources */,
				260BFD072B4C42E300A9D5C2 /* DatePlannerApp.swift in Sources */,
				260BFD272B4C5D0F00A9D5C2 /* SymbolPicker.swift in Sources */,
				260BFD172B4C513400A9D5C2 /* EventTask.swift in Sources */,
				260BFD252B4C5CF300A9D5C2 /* SFSymbolStyling.swift in Sources */,
			);
			runOnlyForDeploymentPostprocessing = 0;
		};
/* End PBXSourcesBuildPhase section */

/* Begin XCBuildConfiguration section */
		260BFD0F2B4C42E600A9D5C2 /* Debug */ = {
			isa = XCBuildConfiguration;
			buildSettings = {
				ALWAYS_SEARCH_USER_PATHS = NO;
				ASSETCATALOG_COMPILER_GENERATE_SWIFT_ASSET_SYMBOL_EXTENSIONS = YES;
				CLANG_ANALYZER_NONNULL = YES;
				CLANG_ANALYZER_NUMBER_OBJECT_CONVERSION = YES_AGGRESSIVE;
				CLANG_CXX_LANGUAGE_STANDARD = "gnu++20";
				CLANG_ENABLE_MODULES = YES;
				CLANG_ENABLE_OBJC_ARC = YES;
				CLANG_ENABLE_OBJC_WEAK = YES;
				CLANG_WARN_BLOCK_CAPTURE_AUTORELEASING = YES;
				CLANG_WARN_BOOL_CONVERSION = YES;
				CLANG_WARN_COMMA = YES;
				CLANG_WARN_CONSTANT_CONVERSION = YES;
				CLANG_WARN_DEPRECATED_OBJC_IMPLEMENTATIONS = YES;
				CLANG_WARN_DIRECT_OBJC_ISA_USAGE = YES_ERROR;
				CLANG_WARN_DOCUMENTATION_COMMENTS = YES;
				CLANG_WARN_EMPTY_BODY = YES;
				CLANG_WARN_ENUM_CONVERSION = YES;
				CLANG_WARN_INFINITE_RECURSION = YES;
				CLANG_WARN_INT_CONVERSION = YES;
				CLANG_WARN_NON_LITERAL_NULL_CONVERSION = YES;
				CLANG_WARN_OBJC_IMPLICIT_RETAIN_SELF = YES;
				CLANG_WARN_OBJC_LITERAL_CONVERSION = YES;
				CLANG_WARN_OBJC_ROOT_CLASS = YES_ERROR;
				CLANG_WARN_QUOTED_INCLUDE_IN_FRAMEWORK_HEADER = YES;
				CLANG_WARN_RANGE_LOOP_ANALYSIS = YES;
				CLANG_WARN_STRICT_PROTOTYPES = YES;
				CLANG_WARN_SUSPICIOUS_MOVE = YES;
				CLANG_WARN_UNGUARDED_AVAILABILITY = YES_AGGRESSIVE;
				CLANG_WARN_UNREACHABLE_CODE = YES;
				CLANG_WARN__DUPLICATE_METHOD_MATCH = YES;
				COPY_PHASE_STRIP = NO;
				DEBUG_INFORMATION_FORMAT = dwarf;
				ENABLE_STRICT_OBJC_MSGSEND = YES;
				ENABLE_TESTABILITY = YES;
				ENABLE_USER_SCRIPT_SANDBOXING = YES;
				GCC_C_LANGUAGE_STANDARD = gnu17;
				GCC_DYNAMIC_NO_PIC = NO;
				GCC_NO_COMMON_BLOCKS = YES;
				GCC_OPTIMIZATION_LEVEL = 0;
				GCC_PREPROCESSOR_DEFINITIONS = (
					"DEBUG=1",
					"$(inherited)",
				);
				GCC_WARN_64_TO_32_BIT_CONVERSION = YES;
				GCC_WARN_ABOUT_RETURN_TYPE = YES_ERROR;
				GCC_WARN_UNDECLARED_SELECTOR = YES;
				GCC_WARN_UNINITIALIZED_AUTOS = YES_AGGRESSIVE;
				GCC_WARN_UNUSED_FUNCTION = YES;
				GCC_WARN_UNUSED_VARIABLE = YES;
				IPHONEOS_DEPLOYMENT_TARGET = 17.2;
				LOCALIZATION_PREFERS_STRING_CATALOGS = YES;
				MTL_ENABLE_DEBUG_INFO = INCLUDE_SOURCE;
				MTL_FAST_MATH = YES;
				ONLY_ACTIVE_ARCH = YES;
				SDKROOT = iphoneos;
				SWIFT_ACTIVE_COMPILATION_CONDITIONS = "DEBUG $(inherited)";
				SWIFT_OPTIMIZATION_LEVEL = "-Onone";
			};
			name = Debug;
		};
		260BFD102B4C42E600A9D5C2 /* Release */ = {
			isa = XCBuildConfiguration;
			buildSettings = {
				ALWAYS_SEARCH_USER_PATHS = NO;
				ASSETCATALOG_COMPILER_GENERATE_SWIFT_ASSET_SYMBOL_EXTENSIONS = YES;
				CLANG_ANALYZER_NONNULL = YES;
				CLANG_ANALYZER_NUMBER_OBJECT_CONVERSION = YES_AGGRESSIVE;
				CLANG_CXX_LANGUAGE_STANDARD = "gnu++20";
				CLANG_ENABLE_MODULES = YES;
				CLANG_ENABLE_OBJC_ARC = YES;
				CLANG_ENABLE_OBJC_WEAK = YES;
				CLANG_WARN_BLOCK_CAPTURE_AUTORELEASING = YES;
				CLANG_WARN_BOOL_CONVERSION = YES;
				CLANG_WARN_COMMA = YES;
				CLANG_WARN_CONSTANT_CONVERSION = YES;
				CLANG_WARN_DEPRECATED_OBJC_IMPLEMENTATIONS = YES;
				CLANG_WARN_DIRECT_OBJC_ISA_USAGE = YES_ERROR;
				CLANG_WARN_DOCUMENTATION_COMMENTS = YES;
				CLANG_WARN_EMPTY_BODY = YES;
				CLANG_WARN_ENUM_CONVERSION = YES;
				CLANG_WARN_INFINITE_RECURSION = YES;
				CLANG_WARN_INT_CONVERSION = YES;
				CLANG_WARN_NON_LITERAL_NULL_CONVERSION = YES;
				CLANG_WARN_OBJC_IMPLICIT_RETAIN_SELF = YES;
				CLANG_WARN_OBJC_LITERAL_CONVERSION = YES;
				CLANG_WARN_OBJC_ROOT_CLASS = YES_ERROR;
				CLANG_WARN_QUOTED_INCLUDE_IN_FRAMEWORK_HEADER = YES;
				CLANG_WARN_RANGE_LOOP_ANALYSIS = YES;
				CLANG_WARN_STRICT_PROTOTYPES = YES;
				CLANG_WARN_SUSPICIOUS_MOVE = YES;
				CLANG_WARN_UNGUARDED_AVAILABILITY = YES_AGGRESSIVE;
				CLANG_WARN_UNREACHABLE_CODE = YES;
				CLANG_WARN__DUPLICATE_METHOD_MATCH = YES;
				COPY_PHASE_STRIP = NO;
				DEBUG_INFORMATION_FORMAT = "dwarf-with-dsym";
				ENABLE_NS_ASSERTIONS = NO;
				ENABLE_STRICT_OBJC_MSGSEND = YES;
				ENABLE_USER_SCRIPT_SANDBOXING = YES;
				GCC_C_LANGUAGE_STANDARD = gnu17;
				GCC_NO_COMMON_BLOCKS = YES;
				GCC_WARN_64_TO_32_BIT_CONVERSION = YES;
				GCC_WARN_ABOUT_RETURN_TYPE = YES_ERROR;
				GCC_WARN_UNDECLARED_SELECTOR = YES;
				GCC_WARN_UNINITIALIZED_AUTOS = YES_AGGRESSIVE;
				GCC_WARN_UNUSED_FUNCTION = YES;
				GCC_WARN_UNUSED_VARIABLE = YES;
				IPHONEOS_DEPLOYMENT_TARGET = 17.2;
				LOCALIZATION_PREFERS_STRING_CATALOGS = YES;
				MTL_ENABLE_DEBUG_INFO = NO;
				MTL_FAST_MATH = YES;
				SDKROOT = iphoneos;
				SWIFT_COMPILATION_MODE = wholemodule;
				VALIDATE_PRODUCT = YES;
			};
			name = Release;
		};
		260BFD122B4C42E600A9D5C2 /* Debug */ = {
			isa = XCBuildConfiguration;
			buildSettings = {
				ASSETCATALOG_COMPILER_APPICON_NAME = AppIcon;
				ASSETCATALOG_COMPILER_GLOBAL_ACCENT_COLOR_NAME = AccentColor;
				CODE_SIGN_STYLE = Automatic;
				CURRENT_PROJECT_VERSION = 1;
				DEVELOPMENT_ASSET_PATHS = "\"DatePlanner/Preview Content\"";
				ENABLE_PREVIEWS = YES;
				GENERATE_INFOPLIST_FILE = YES;
				INFOPLIST_KEY_UIApplicationSceneManifest_Generation = YES;
				INFOPLIST_KEY_UIApplicationSupportsIndirectInputEvents = YES;
				INFOPLIST_KEY_UILaunchScreen_Generation = YES;
				INFOPLIST_KEY_UISupportedInterfaceOrientations_iPad = "UIInterfaceOrientationPortrait UIInterfaceOrientationPortraitUpsideDown UIInterfaceOrientationLandscapeLeft UIInterfaceOrientationLandscapeRight";
				INFOPLIST_KEY_UISupportedInterfaceOrientations_iPhone = "UIInterfaceOrientationPortrait UIInterfaceOrientationLandscapeLeft UIInterfaceOrientationLandscapeRight";
				LD_RUNPATH_SEARCH_PATHS = (
					"$(inherited)",
					"@executable_path/Frameworks",
				);
				MARKETING_VERSION = 1.0;
				PRODUCT_BUNDLE_IDENTIFIER = br.com.paladinos.lofy.DatePlanner;
				PRODUCT_NAME = "$(TARGET_NAME)";
				SWIFT_EMIT_LOC_STRINGS = YES;
				SWIFT_VERSION = 5.0;
				TARGETED_DEVICE_FAMILY = "1,2";
			};
			name = Debug;
		};
		260BFD132B4C42E600A9D5C2 /* Release */ = {
			isa = XCBuildConfiguration;
			buildSettings = {
				ASSETCATALOG_COMPILER_APPICON_NAME = AppIcon;
				ASSETCATALOG_COMPILER_GLOBAL_ACCENT_COLOR_NAME = AccentColor;
				CODE_SIGN_STYLE = Automatic;
				CURRENT_PROJECT_VERSION = 1;
				DEVELOPMENT_ASSET_PATHS = "\"DatePlanner/Preview Content\"";
				ENABLE_PREVIEWS = YES;
				GENERATE_INFOPLIST_FILE = YES;
				INFOPLIST_KEY_UIApplicationSceneManifest_Generation = YES;
				INFOPLIST_KEY_UIApplicationSupportsIndirectInputEvents = YES;
				INFOPLIST_KEY_UILaunchScreen_Generation = YES;
				INFOPLIST_KEY_UISupportedInterfaceOrientations_iPad = "UIInterfaceOrientationPortrait UIInterfaceOrientationPortraitUpsideDown UIInterfaceOrientationLandscapeLeft UIInterfaceOrientationLandscapeRight";
				INFOPLIST_KEY_UISupportedInterfaceOrientations_iPhone = "UIInterfaceOrientationPortrait UIInterfaceOrientationLandscapeLeft UIInterfaceOrientationLandscapeRight";
				LD_RUNPATH_SEARCH_PATHS = (
					"$(inherited)",
					"@executable_path/Frameworks",
				);
				MARKETING_VERSION = 1.0;
				PRODUCT_BUNDLE_IDENTIFIER = br.com.paladinos.lofy.DatePlanner;
				PRODUCT_NAME = "$(TARGET_NAME)";
				SWIFT_EMIT_LOC_STRINGS = YES;
				SWIFT_VERSION = 5.0;
				TARGETED_DEVICE_FAMILY = "1,2";
			};
			name = Release;
		};
/* End XCBuildConfiguration section */

/* Begin XCConfigurationList section */
		260BFCFE2B4C42E300A9D5C2 /* Build configuration list for PBXProject "DatePlanner" */ = {
			isa = XCConfigurationList;
			buildConfigurations = (
				260BFD0F2B4C42E600A9D5C2 /* Debug */,
				260BFD102B4C42E600A9D5C2 /* Release */,
			);
			defaultConfigurationIsVisible = 0;
			defaultConfigurationName = Release;
		};
		260BFD112B4C42E600A9D5C2 /* Build configuration list for PBXNativeTarget "DatePlanner" */ = {
			isa = XCConfigurationList;
			buildConfigurations = (
				260BFD122B4C42E600A9D5C2 /* Debug */,
				260BFD132B4C42E600A9D5C2 /* Release */,
			);
			defaultConfigurationIsVisible = 0;
			defaultConfigurationName = Release;
		};
/* End XCConfigurationList section */
	};
	rootObject = 260BFCFB2B4C42E300A9D5C2 /* Project object */;
}
